PODS:
  - Flutter (1.0.0)
  - sslcommerz_flutter_plugin (0.0.1):
    - Flutter

DEPENDENCIES:
  - Flutter (from `Flutter`)
  - sslcommerz_flutter_plugin (from `.symlinks/plugins/sslcommerz_flutter_plugin/ios`)

EXTERNAL SOURCES:
  Flutter:
    :path: Flutter
  sslcommerz_flutter_plugin:
    :path: ".symlinks/plugins/sslcommerz_flutter_plugin/ios"

SPEC CHECKSUMS:
  Flutter: 0e3d915762c693b495b44d77113d4970485de6ec
  sslcommerz_flutter_plugin: 90d0b7343a26f30cbbf0218fbcf74c98e54cd60d

PODFILE CHECKSUM: c34e2287a9ccaa606aeceab922830efb9a6ff69a

COCOAPODS: 1.8.4
